
Microsoft Visual Studio Solution File, Format Version 11.00
# Visual C# Express 2010
Project("{FAE04EC0-301F-11D3-BF4B-00C04F79EFBC}") = "DLLRestauranteTresChanchitos", "DLLRestauranteTresChanchitos\DLLRestauranteTresChanchitos.csproj", "{BFE7C2CB-19C5-46D6-99AF-958398760BEF}"
EndProject
Global
	GlobalSection(SolutionConfigurationPlatforms) = preSolution
		Debug|Any CPU = Debug|Any CPU
		Release|Any CPU = Release|Any CPU
	EndGlobalSection
	GlobalSection(ProjectConfigurationPlatforms) = postSolution
		{BFE7C2CB-19C5-46D6-99AF-958398760BEF}.Debug|Any CPU.ActiveCfg = Debug|Any CPU
		{BFE7C2CB-19C5-46D6-99AF-958398760BEF}.Debug|Any CPU.Build.0 = Debug|Any CPU
		{BFE7C2CB-19C5-46D6-99AF-958398760BEF}.Release|Any CPU.ActiveCfg = Release|Any CPU
		{BFE7C2CB-19C5-46D6-99AF-958398760BEF}.Release|Any CPU.Build.0 = Release|Any CPU
	EndGlobalSection
	GlobalSection(SolutionProperties) = preSolution
		HideSolutionNode = FALSE
	EndGlobalSection
EndGlobal
